PODS:
  - Alamofire (4.9.1)
  - ObjectMapper (3.4.2)

DEPENDENCIES:
  - Alamofire (~> 4.7)
  - ObjectMapper (~> 3.4.2)

SPEC REPOS:
  trunk:
    - Alamofire
    - ObjectMapper

SPEC CHECKSUMS:
  Alamofire: 85e8a02c69d6020a0d734f6054870d7ecb75cf18
  ObjectMapper: 0d4402610f4e468903ae64629eec4784531e5c51

PODFILE CHECKSUM: 975d0aee70d59c82c3aae6aed0c3ca205b9d0008

COCOAPODS: 1.11.3
